
Microsoft Visual Studio Solution File, Format Version 12.00
# Visual Studio Version 17
VisualStudioVersion = 17.7.34221.43
MinimumVisualStudioVersion = 10.0.40219.1
Project("{FAE04EC0-301F-11D3-BF4B-00C04F79EFBC}") = "CodeMade.GithubUpdateChecker", "CodeMade.GithubUpdateChecker\CodeMade.GithubUpdateChecker.csproj", "{F05819C0-A04A-4245-A8D5-68D2E66E4A17}"
EndProject
Global
	GlobalSection(SolutionConfigurationPlatforms) = preSolution
		Debug|Any CPU = Debug|Any CPU
		Release|Any CPU = Release|Any CPU
	EndGlobalSection
	GlobalSection(ProjectConfigurationPlatforms) = postSolution
		{F05819C0-A04A-4245-A8D5-68D2E66E4A17}.Debug|Any CPU.ActiveCfg = Debug|Any CPU
		{F05819C0-A04A-4245-A8D5-68D2E66E4A17}.Debug|Any CPU.Build.0 = Debug|Any CPU
		{F05819C0-A04A-4245-A8D5-68D2E66E4A17}.Release|Any CPU.ActiveCfg = Release|Any CPU
		{F05819C0-A04A-4245-A8D5-68D2E66E4A17}.Release|Any CPU.Build.0 = Release|Any CPU
	EndGlobalSection
	GlobalSection(SolutionProperties) = preSolution
		HideSolutionNode = FALSE
	EndGlobalSection
	GlobalSection(ExtensibilityGlobals) = postSolution
		SolutionGuid = {F5A401FC-D6A6-48A5-A2DE-86BF654BC4D8}
	EndGlobalSection
EndGlobal
